PODS:
  - FBSnapshotTestCase (2.1.4):
    - FBSnapshotTestCase/SwiftSupport (= 2.1.4)
  - FBSnapshotTestCase/Core (2.1.4)
  - FBSnapshotTestCase/SwiftSupport (2.1.4):
    - FBSnapshotTestCase/Core
  - TZBServer (0.1.0)

DEPENDENCIES:
  - FBSnapshotTestCase
  - TZBServer (from `../`)

SPEC REPOS:
  https://github.com/CocoaPods/Specs.git:
    - FBSnapshotTestCase

EXTERNAL SOURCES:
  TZBServer:
    :path: "../"

SPEC CHECKSUMS:
  FBSnapshotTestCase: 094f9f314decbabe373b87cc339bea235a63e07a
  TZBServer: 47eb58e359daec31342d5ebf898be22e82e6db9f

PODFILE CHECKSUM: 7947a3be9fdb44d7e36c338ffd79dd1d06fb4a7d

COCOAPODS: 1.5.0
